
Microsoft Visual Studio Solution File, Format Version 12.00
# Visual Studio Version 17
VisualStudioVersion = 17.5.33516.290
MinimumVisualStudioVersion = 10.0.40219.1
Project("{FAE04EC0-301F-11D3-BF4B-00C04F79EFBC}") = "BigBangAngular30thJune", "BigBangAngular30thJune\BigBangAngular30thJune.csproj", "{D46165D3-F857-470B-859D-9E268D83F267}"
EndProject
Global
	GlobalSection(SolutionConfigurationPlatforms) = preSolution
		Debug|Any CPU = Debug|Any CPU
		Release|Any CPU = Release|Any CPU
	EndGlobalSection
	GlobalSection(ProjectConfigurationPlatforms) = postSolution
		{D46165D3-F857-470B-859D-9E268D83F267}.Debug|Any CPU.ActiveCfg = Debug|Any CPU
		{D46165D3-F857-470B-859D-9E268D83F267}.Debug|Any CPU.Build.0 = Debug|Any CPU
		{D46165D3-F857-470B-859D-9E268D83F267}.Release|Any CPU.ActiveCfg = Release|Any CPU
		{D46165D3-F857-470B-859D-9E268D83F267}.Release|Any CPU.Build.0 = Release|Any CPU
	EndGlobalSection
	GlobalSection(SolutionProperties) = preSolution
		HideSolutionNode = FALSE
	EndGlobalSection
	GlobalSection(ExtensibilityGlobals) = postSolution
		SolutionGuid = {25A8C7DC-C5A5-43C4-ABDD-6D8F60093AC7}
	EndGlobalSection
EndGlobal
